// !$*UTF8*$!
{
	archiveVersion = 1;
	classes = {
	};
	objectVersion = 50;
	objects = {

/* Begin PBXBuildFile section */
		AD4025BE23B9C9E30014C790 /* AppDelegate.swift in Sources */ = {isa = PBXBuildFile; fileRef = AD4025BD23B9C9E30014C790 /* AppDelegate.swift */; };
		AD4025C023B9C9E30014C790 /* SceneDelegate.swift in Sources */ = {isa = PBXBuildFile; fileRef = AD4025BF23B9C9E30014C790 /* SceneDelegate.swift */; };
		AD4025C223B9C9E30014C790 /* ViewController.swift in Sources */ = {isa = PBXBuildFile; fileRef = AD4025C123B9C9E30014C790 /* ViewController.swift */; };
		AD4025C523B9C9E30014C790 /* Main.storyboard in Resources */ = {isa = PBXBuildFile; fileRef = AD4025C323B9C9E30014C790 /* Main.storyboard */; };
		AD4025C723B9C9E80014C790 /* Assets.xcassets in Resources */ = {isa = PBXBuildFile; fileRef = AD4025C623B9C9E80014C790 /* Assets.xcassets */; };
		AD4025CA23B9C9E80014C790 /* LaunchScreen.storyboard in Resources */ = {isa = PBXBuildFile; fileRef = AD4025C823B9C9E80014C790 /* LaunchScreen.storyboard */; };
		AD4025D323B9C9FE0014C790 /* GCDScenario.swift in Sources */ = {isa = PBXBuildFile; fileRef = AD4025D123B9C9FE0014C790 /* GCDScenario.swift */; };
		AD4025D423B9C9FE0014C790 /* Tools.swift in Sources */ = {isa = PBXBuildFile; fileRef = AD4025D223B9C9FE0014C790 /* Tools.swift */; };
		AD4025D623B9D4C90014C790 /* GCDDetail.swift in Sources */ = {isa = PBXBuildFile; fileRef = AD4025D523B9D4C90014C790 /* GCDDetail.swift */; };
		AD4025D823BB5AB00014C790 /* GCDDetailViewController.swift in Sources */ = {isa = PBXBuildFile; fileRef = AD4025D723BB5AB00014C790 /* GCDDetailViewController.swift */; };
/* End PBXBuildFile section */

/* Begin PBXFileReference section */
		AD4025BA23B9C9E30014C790 /* GCDDemoMobile.app */ = {isa = PBXFileReference; explicitFileType = wrapper.application; includeInIndex = 0; path = GCDDemoMobile.app; sourceTree = BUILT_PRODUCTS_DIR; };
		AD4025BD23B9C9E30014C790 /* AppDelegate.swift */ = {isa = PBXFileReference; lastKnownFileType = sourcecode.swift; path = AppDelegate.swift; sourceTree = "<group>"; };
		AD4025BF23B9C9E30014C790 /* SceneDelegate.swift */ = {isa = PBXFileReference; lastKnownFileType = sourcecode.swift; path = SceneDelegate.swift; sourceTree = "<group>"; };
		AD4025C123B9C9E30014C790 /* ViewController.swift */ = {isa = PBXFileReference; lastKnownFileType = sourcecode.swift; path = ViewController.swift; sourceTree = "<group>"; };
		AD4025C423B9C9E30014C790 /* Base */ = {isa = PBXFileReference; lastKnownFileType = file.storyboard; name = Base; path = Base.lproj/Main.storyboard; sourceTree = "<group>"; };
		AD4025C623B9C9E80014C790 /* Assets.xcassets */ = {isa = PBXFileReference; lastKnownFileType = folder.assetcatalog; path = Assets.xcassets; sourceTree = "<group>"; };
		AD4025C923B9C9E80014C790 /* Base */ = {isa = PBXFileReference; lastKnownFileType = file.storyboard; name = Base; path = Base.lproj/LaunchScreen.storyboard; sourceTree = "<group>"; };
		AD4025CB23B9C9E80014C790 /* Info.plist */ = {isa = PBXFileReference; lastKnownFileType = text.plist.xml; path = Info.plist; sourceTree = "<group>"; };
		AD4025D123B9C9FE0014C790 /* GCDScenario.swift */ = {isa = PBXFileReference; fileEncoding = 4; lastKnownFileType = sourcecode.swift; path = GCDScenario.swift; sourceTree = "<group>"; };
		AD4025D223B9C9FE0014C790 /* Tools.swift */ = {isa = PBXFileReference; fileEncoding = 4; lastKnownFileType = sourcecode.swift; path = Tools.swift; sourceTree = "<group>"; };
		AD4025D523B9D4C90014C790 /* GCDDetail.swift */ = {isa = PBXFileReference; lastKnownFileType = sourcecode.swift; path = GCDDetail.swift; sourceTree = "<group>"; };
		AD4025D723BB5AB00014C790 /* GCDDetailViewController.swift */ = {isa = PBXFileReference; lastKnownFileType = sourcecode.swift; path = GCDDetailViewController.swift; sourceTree = "<group>"; };
/* End PBXFileReference section */

/* Begin PBXFrameworksBuildPhase section */
		AD4025B723B9C9E30014C790 /* Frameworks */ = {
			isa = PBXFrameworksBuildPhase;
			buildActionMask = 2147483647;
			files = (
			);
			runOnlyForDeploymentPostprocessing = 0;
		};
/* End PBXFrameworksBuildPhase section */

/* Begin PBXGroup section */
		AD4025B123B9C9E30014C790 = {
			isa = PBXGroup;
			children = (
				AD4025BC23B9C9E30014C790 /* GCDDemoMobile */,
				AD4025BB23B9C9E30014C790 /* Products */,
			);
			sourceTree = "<group>";
		};
		AD4025BB23B9C9E30014C790 /* Products */ = {
			isa = PBXGroup;
			children = (
				AD4025BA23B9C9E30014C790 /* GCDDemoMobile.app */,
			);
			name = Products;
			sourceTree = "<group>";
		};
		AD4025BC23B9C9E30014C790 /* GCDDemoMobile */ = {
			isa = PBXGroup;
			children = (
				AD4025D723BB5AB00014C790 /* GCDDetailViewController.swift */,
				AD4025D123B9C9FE0014C790 /* GCDScenario.swift */,
				AD4025D223B9C9FE0014C790 /* Tools.swift */,
				AD4025BD23B9C9E30014C790 /* AppDelegate.swift */,
				AD4025BF23B9C9E30014C790 /* SceneDelegate.swift */,
				AD4025C123B9C9E30014C790 /* ViewController.swift */,
				AD4025C323B9C9E30014C790 /* Main.storyboard */,
				AD4025C623B9C9E80014C790 /* Assets.xcassets */,
				AD4025C823B9C9E80014C790 /* LaunchScreen.storyboard */,
				AD4025CB23B9C9E80014C790 /* Info.plist */,
				AD4025D523B9D4C90014C790 /* GCDDetail.swift */,
			);
			path = GCDDemoMobile;
			sourceTree = "<group>";
		};
/* End PBXGroup section */

/* Begin PBXNativeTarget section */
		AD4025B923B9C9E30014C790 /* GCDDemoMobile */ = {
			isa = PBXNativeTarget;
			buildConfigurationList = AD4025CE23B9C9E80014C790 /* Build configuration list for PBXNativeTarget "GCDDemoMobile" */;
			buildPhases = (
				AD4025B623B9C9E30014C790 /* Sources */,
				AD4025B723B9C9E30014C790 /* Frameworks */,
				AD4025B823B9C9E30014C790 /* Resources */,
			);
			buildRules = (
			);
			dependencies = (
			);
			name = GCDDemoMobile;
			productName = GCDDemoMobile;
			productReference = AD4025BA23B9C9E30014C790 /* GCDDemoMobile.app */;
			productType = "com.apple.product-type.application";
		};
/* End PBXNativeTarget section */

/* Begin PBXProject section */
		AD4025B223B9C9E30014C790 /* Project object */ = {
			isa = PBXProject;
			attributes = {
				LastSwiftUpdateCheck = 1110;
				LastUpgradeCheck = 1110;
				ORGANIZATIONNAME = "roger.wang[王濬淇]";
				TargetAttributes = {
					AD4025B923B9C9E30014C790 = {
						CreatedOnToolsVersion = 11.1;
					};
				};
			};
			buildConfigurationList = AD4025B523B9C9E30014C790 /* Build configuration list for PBXProject "GCDDemoMobile" */;
			compatibilityVersion = "Xcode 9.3";
			developmentRegion = en;
			hasScannedForEncodings = 0;
			knownRegions = (
				en,
				Base,
			);
			mainGroup = AD4025B123B9C9E30014C790;
			productRefGroup = AD4025BB23B9C9E30014C790 /* Products */;
			projectDirPath = "";
			projectRoot = "";
			targets = (
				AD4025B923B9C9E30014C790 /* GCDDemoMobile */,
			);
		};
/* End PBXProject section */

/* Begin PBXResourcesBuildPhase section */
		AD4025B823B9C9E30014C790 /* Resources */ = {
			isa = PBXResourcesBuildPhase;
			buildActionMask = 2147483647;
			files = (
				AD4025CA23B9C9E80014C790 /* LaunchScreen.storyboard in Resources */,
				AD4025C723B9C9E80014C790 /* Assets.xcassets in Resources */,
				AD4025C523B9C9E30014C790 /* Main.storyboard in Resources */,
			);
			runOnlyForDeploymentPostprocessing = 0;
		};
/* End PBXResourcesBuildPhase section */

/* Begin PBXSourcesBuildPhase section */
		AD4025B623B9C9E30014C790 /* Sources */ = {
			isa = PBXSourcesBuildPhase;
			buildActionMask = 2147483647;
			files = (
				AD4025C223B9C9E30014C790 /* ViewController.swift in Sources */,
				AD4025BE23B9C9E30014C790 /* AppDelegate.swift in Sources */,
				AD4025D323B9C9FE0014C790 /* GCDScenario.swift in Sources */,
				AD4025D823BB5AB00014C790 /* GCDDetailViewController.swift in Sources */,
				AD4025D623B9D4C90014C790 /* GCDDetail.swift in Sources */,
				AD4025C023B9C9E30014C790 /* SceneDelegate.swift in Sources */,
				AD4025D423B9C9FE0014C790 /* Tools.swift in Sources */,
			);
			runOnlyForDeploymentPostprocessing = 0;
		};
/* End PBXSourcesBuildPhase section */

/* Begin PBXVariantGroup section */
		AD4025C323B9C9E30014C790 /* Main.storyboard */ = {
			isa = PBXVariantGroup;
			children = (
				AD4025C423B9C9E30014C790 /* Base */,
			);
			name = Main.storyboard;
			sourceTree = "<group>";
		};
		AD4025C823B9C9E80014C790 /* LaunchScreen.storyboard */ = {
			isa = PBXVariantGroup;
			children = (
				AD4025C923B9C9E80014C790 /* Base */,
			);
			name = LaunchScreen.storyboard;
			sourceTree = "<group>";
		};
/* End PBXVariantGroup section */

/* Begin XCBuildConfiguration section */
		AD4025CC23B9C9E80014C790 /* Debug */ = {
			isa = XCBuildConfiguration;
			buildSettings = {
				ALWAYS_SEARCH_USER_PATHS = NO;
				CLANG_ANALYZER_NONNULL = YES;
				CLANG_ANALYZER_NUMBER_OBJECT_CONVERSION = YES_AGGRESSIVE;
				CLANG_CXX_LANGUAGE_STANDARD = "gnu++14";
				CLANG_CXX_LIBRARY = "libc++";
				CLANG_ENABLE_MODULES = YES;
				CLANG_ENABLE_OBJC_ARC = YES;
				CLANG_ENABLE_OBJC_WEAK = YES;
				CLANG_WARN_BLOCK_CAPTURE_AUTORELEASING = YES;
				CLANG_WARN_BOOL_CONVERSION = YES;
				CLANG_WARN_COMMA = YES;
				CLANG_WARN_CONSTANT_CONVERSION = YES;
				CLANG_WARN_DEPRECATED_OBJC_IMPLEMENTATIONS = YES;
				CLANG_WARN_DIRECT_OBJC_ISA_USAGE = YES_ERROR;
				CLANG_WARN_DOCUMENTATION_COMMENTS = YES;
				CLANG_WARN_EMPTY_BODY = YES;
				CLANG_WARN_ENUM_CONVERSION = YES;
				CLANG_WARN_INFINITE_RECURSION = YES;
				CLANG_WARN_INT_CONVERSION = YES;
				CLANG_WARN_NON_LITERAL_NULL_CONVERSION = YES;
				CLANG_WARN_OBJC_IMPLICIT_RETAIN_SELF = YES;
				CLANG_WARN_OBJC_LITERAL_CONVERSION = YES;
				CLANG_WARN_OBJC_ROOT_CLASS = YES_ERROR;
				CLANG_WARN_RANGE_LOOP_ANALYSIS = YES;
				CLANG_WARN_STRICT_PROTOTYPES = YES;
				CLANG_WARN_SUSPICIOUS_MOVE = YES;
				CLANG_WARN_UNGUARDED_AVAILABILITY = YES_AGGRESSIVE;
				CLANG_WARN_UNREACHABLE_CODE = YES;
				CLANG_WARN__DUPLICATE_METHOD_MATCH = YES;
				COPY_PHASE_STRIP = NO;
				DEBUG_INFORMATION_FORMAT = dwarf;
				ENABLE_STRICT_OBJC_MSGSEND = YES;
				ENABLE_TESTABILITY = YES;
				GCC_C_LANGUAGE_STANDARD = gnu11;
				GCC_DYNAMIC_NO_PIC = NO;
				GCC_NO_COMMON_BLOCKS = YES;
				GCC_OPTIMIZATION_LEVEL = 0;
				GCC_PREPROCESSOR_DEFINITIONS = (
					"DEBUG=1",
					"$(inherited)",
				);
				GCC_WARN_64_TO_32_BIT_CONVERSION = YES;
				GCC_WARN_ABOUT_RETURN_TYPE = YES_ERROR;
				GCC_WARN_UNDECLARED_SELECTOR = YES;
				GCC_WARN_UNINITIALIZED_AUTOS = YES_AGGRESSIVE;
				GCC_WARN_UNUSED_FUNCTION = YES;
				GCC_WARN_UNUSED_VARIABLE = YES;
				IPHONEOS_DEPLOYMENT_TARGET = 13.1;
				MTL_ENABLE_DEBUG_INFO = INCLUDE_SOURCE;
				MTL_FAST_MATH = YES;
				ONLY_ACTIVE_ARCH = YES;
				SDKROOT = iphoneos;
				SWIFT_ACTIVE_COMPILATION_CONDITIONS = DEBUG;
				SWIFT_OPTIMIZATION_LEVEL = "-Onone";
			};
			name = Debug;
		};
		AD4025CD23B9C9E80014C790 /* Release */ = {
			isa = XCBuildConfiguration;
			buildSettings = {
				ALWAYS_SEARCH_USER_PATHS = NO;
				CLANG_ANALYZER_NONNULL = YES;
				CLANG_ANALYZER_NUMBER_OBJECT_CONVERSION = YES_AGGRESSIVE;
				CLANG_CXX_LANGUAGE_STANDARD = "gnu++14";
				CLANG_CXX_LIBRARY = "libc++";
				CLANG_ENABLE_MODULES = YES;
				CLANG_ENABLE_OBJC_ARC = YES;
				CLANG_ENABLE_OBJC_WEAK = YES;
				CLANG_WARN_BLOCK_CAPTURE_AUTORELEASING = YES;
				CLANG_WARN_BOOL_CONVERSION = YES;
				CLANG_WARN_COMMA = YES;
				CLANG_WARN_CONSTANT_CONVERSION = YES;
				CLANG_WARN_DEPRECATED_OBJC_IMPLEMENTATIONS = YES;
				CLANG_WARN_DIRECT_OBJC_ISA_USAGE = YES_ERROR;
				CLANG_WARN_DOCUMENTATION_COMMENTS = YES;
				CLANG_WARN_EMPTY_BODY = YES;
				CLANG_WARN_ENUM_CONVERSION = YES;
				CLANG_WARN_INFINITE_RECURSION = YES;
				CLANG_WARN_INT_CONVERSION = YES;
				CLANG_WARN_NON_LITERAL_NULL_CONVERSION = YES;
				CLANG_WARN_OBJC_IMPLICIT_RETAIN_SELF = YES;
				CLANG_WARN_OBJC_LITERAL_CONVERSION = YES;
				CLANG_WARN_OBJC_ROOT_CLASS = YES_ERROR;
				CLANG_WARN_RANGE_LOOP_ANALYSIS = YES;
				CLANG_WARN_STRICT_PROTOTYPES = YES;
				CLANG_WARN_SUSPICIOUS_MOVE = YES;
				CLANG_WARN_UNGUARDED_AVAILABILITY = YES_AGGRESSIVE;
				CLANG_WARN_UNREACHABLE_CODE = YES;
				CLANG_WARN__DUPLICATE_METHOD_MATCH = YES;
				COPY_PHASE_STRIP = NO;
				DEBUG_INFORMATION_FORMAT = "dwarf-with-dsym";
				ENABLE_NS_ASSERTIONS = NO;
				ENABLE_STRICT_OBJC_MSGSEND = YES;
				GCC_C_LANGUAGE_STANDARD = gnu11;
				GCC_NO_COMMON_BLOCKS = YES;
				GCC_WARN_64_TO_32_BIT_CONVERSION = YES;
				GCC_WARN_ABOUT_RETURN_TYPE = YES_ERROR;
				GCC_WARN_UNDECLARED_SELECTOR = YES;
				GCC_WARN_UNINITIALIZED_AUTOS = YES_AGGRESSIVE;
				GCC_WARN_UNUSED_FUNCTION = YES;
				GCC_WARN_UNUSED_VARIABLE = YES;
				IPHONEOS_DEPLOYMENT_TARGET = 13.1;
				MTL_ENABLE_DEBUG_INFO = NO;
				MTL_FAST_MATH = YES;
				SDKROOT = iphoneos;
				SWIFT_COMPILATION_MODE = wholemodule;
				SWIFT_OPTIMIZATION_LEVEL = "-O";
				VALIDATE_PRODUCT = YES;
			};
			name = Release;
		};
		AD4025CF23B9C9E80014C790 /* Debug */ = {
			isa = XCBuildConfiguration;
			buildSettings = {
				ASSETCATALOG_COMPILER_APPICON_NAME = AppIcon;
				CODE_SIGN_STYLE = Automatic;
				DEVELOPMENT_TEAM = "";
				INFOPLIST_FILE = GCDDemoMobile/Info.plist;
				LD_RUNPATH_SEARCH_PATHS = (
					"$(inherited)",
					"@executable_path/Frameworks",
				);
				PRODUCT_BUNDLE_IDENTIFIER = com.104.tw.GCDDemoMobile;
				PRODUCT_NAME = "$(TARGET_NAME)";
				SWIFT_VERSION = 5.0;
				TARGETED_DEVICE_FAMILY = "1,2";
			};
			name = Debug;
		};
		AD4025D023B9C9E80014C790 /* Release */ = {
			isa = XCBuildConfiguration;
			buildSettings = {
				ASSETCATALOG_COMPILER_APPICON_NAME = AppIcon;
				CODE_SIGN_STYLE = Automatic;
				DEVELOPMENT_TEAM = "";
				INFOPLIST_FILE = GCDDemoMobile/Info.plist;
				LD_RUNPATH_SEARCH_PATHS = (
					"$(inherited)",
					"@executable_path/Frameworks",
				);
				PRODUCT_BUNDLE_IDENTIFIER = com.104.tw.GCDDemoMobile;
				PRODUCT_NAME = "$(TARGET_NAME)";
				SWIFT_VERSION = 5.0;
				TARGETED_DEVICE_FAMILY = "1,2";
			};
			name = Release;
		};
/* End XCBuildConfiguration section */

/* Begin XCConfigurationList section */
		AD4025B523B9C9E30014C790 /* Build configuration list for PBXProject "GCDDemoMobile" */ = {
			isa = XCConfigurationList;
			buildConfigurations = (
				AD4025CC23B9C9E80014C790 /* Debug */,
				AD4025CD23B9C9E80014C790 /* Release */,
			);
			defaultConfigurationIsVisible = 0;
			defaultConfigurationName = Release;
		};
		AD4025CE23B9C9E80014C790 /* Build configuration list for PBXNativeTarget "GCDDemoMobile" */ = {
			isa = XCConfigurationList;
			buildConfigurations = (
				AD4025CF23B9C9E80014C790 /* Debug */,
				AD4025D023B9C9E80014C790 /* Release */,
			);
			defaultConfigurationIsVisible = 0;
			defaultConfigurationName = Release;
		};
/* End XCConfigurationList section */
	};
	rootObject = AD4025B223B9C9E30014C790 /* Project object */;
}
